// !$*UTF8*$!
{
	archiveVersion = 1;
	classes = {
	};
	objectVersion = 56;
	objects = {

/* Begin PBXBuildFile section */
		53BFF78A2F078DDE00494754 /* AfricaApp.swift in Sources */ = {isa = PBXBuildFile; fileRef = 53BFF7892F078DDE00494754 /* AfricaApp.swift */; };
		53BFF78C2F078DDE00494754 /* ContentView.swift in Sources */ = {isa = PBXBuildFile; fileRef = 53BFF78B2F078DDE00494754 /* ContentView.swift */; };
		53BFF78E2F078DE000494754 /* Assets.xcassets in Resources */ = {isa = PBXBuildFile; fileRef = 53BFF78D2F078DE000494754 /* Assets.xcassets */; };
		53BFF7912F078DE000494754 /* Preview Assets.xcassets in Resources */ = {isa = PBXBuildFile; fileRef = 53BFF7902F078DE000494754 /* Preview Assets.xcassets */; };
		53BFF7A22F07956B00494754 /* elephant.mp4 in Resources */ = {isa = PBXBuildFile; fileRef = 53BFF7982F07956600494754 /* elephant.mp4 */; };
		53BFF7A32F07956B00494754 /* lion.mp4 in Resources */ = {isa = PBXBuildFile; fileRef = 53BFF7992F07956700494754 /* lion.mp4 */; };
		53BFF7A42F07956B00494754 /* lioness.mp4 in Resources */ = {isa = PBXBuildFile; fileRef = 53BFF79A2F07956700494754 /* lioness.mp4 */; };
		53BFF7A52F07956B00494754 /* hippo.mp4 in Resources */ = {isa = PBXBuildFile; fileRef = 53BFF79B2F07956800494754 /* hippo.mp4 */; };
		53BFF7A62F07956B00494754 /* cheetah.mp4 in Resources */ = {isa = PBXBuildFile; fileRef = 53BFF79C2F07956800494754 /* cheetah.mp4 */; };
		53BFF7A72F07956B00494754 /* zebra.mp4 in Resources */ = {isa = PBXBuildFile; fileRef = 53BFF79D2F07956900494754 /* zebra.mp4 */; };
		53BFF7A82F07956B00494754 /* gorilla.mp4 in Resources */ = {isa = PBXBuildFile; fileRef = 53BFF79E2F07956900494754 /* gorilla.mp4 */; };
		53BFF7A92F07956B00494754 /* ostrich.mp4 in Resources */ = {isa = PBXBuildFile; fileRef = 53BFF79F2F07956A00494754 /* ostrich.mp4 */; };
		53BFF7AA2F07956B00494754 /* rhino.mp4 in Resources */ = {isa = PBXBuildFile; fileRef = 53BFF7A02F07956B00494754 /* rhino.mp4 */; };
		53BFF7AB2F07956B00494754 /* giraffe.mp4 in Resources */ = {isa = PBXBuildFile; fileRef = 53BFF7A12F07956B00494754 /* giraffe.mp4 */; };
		53BFF7B12F0795D300494754 /* videos.json in Resources */ = {isa = PBXBuildFile; fileRef = 53BFF7AD2F0795D300494754 /* videos.json */; };
		53BFF7B22F0795D300494754 /* locations.json in Resources */ = {isa = PBXBuildFile; fileRef = 53BFF7AE2F0795D300494754 /* locations.json */; };
		53BFF7B32F0795D300494754 /* animals.json in Resources */ = {isa = PBXBuildFile; fileRef = 53BFF7AF2F0795D300494754 /* animals.json */; };
		53BFF7B42F0795D300494754 /* covers.json in Resources */ = {isa = PBXBuildFile; fileRef = 53BFF7B02F0795D300494754 /* covers.json */; };
		53BFF7B82F079B1600494754 /* VideoListView.swift in Sources */ = {isa = PBXBuildFile; fileRef = 53BFF7B72F079B1600494754 /* VideoListView.swift */; };
		53BFF7BA2F079B3D00494754 /* MapView.swift in Sources */ = {isa = PBXBuildFile; fileRef = 53BFF7B92F079B3D00494754 /* MapView.swift */; };
		53BFF7BC2F079B6900494754 /* MainView.swift in Sources */ = {isa = PBXBuildFile; fileRef = 53BFF7BB2F079B6900494754 /* MainView.swift */; };
		53BFF7BE2F079B8300494754 /* GalleryView.swift in Sources */ = {isa = PBXBuildFile; fileRef = 53BFF7BD2F079B8300494754 /* GalleryView.swift */; };
		53BFF7C12F07CA3E00494754 /* CoverImageView.swift in Sources */ = {isa = PBXBuildFile; fileRef = 53BFF7C02F07CA3E00494754 /* CoverImageView.swift */; };
		53BFF7C42F07CB2900494754 /* CoverImageModel.swift in Sources */ = {isa = PBXBuildFile; fileRef = 53BFF7C32F07CB2900494754 /* CoverImageModel.swift */; };
		53BFF7C72F07CB7F00494754 /* CodableBundleExtension.swift in Sources */ = {isa = PBXBuildFile; fileRef = 53BFF7C62F07CB7F00494754 /* CodableBundleExtension.swift */; };
/* End PBXBuildFile section */

/* Begin PBXFileReference section */
		53BFF7862F078DDE00494754 /* Africa.app */ = {isa = PBXFileReference; explicitFileType = wrapper.application; includeInIndex = 0; path = Africa.app; sourceTree = BUILT_PRODUCTS_DIR; };
		53BFF7892F078DDE00494754 /* AfricaApp.swift */ = {isa = PBXFileReference; lastKnownFileType = sourcecode.swift; path = AfricaApp.swift; sourceTree = "<group>"; };
		53BFF78B2F078DDE00494754 /* ContentView.swift */ = {isa = PBXFileReference; lastKnownFileType = sourcecode.swift; path = ContentView.swift; sourceTree = "<group>"; };
		53BFF78D2F078DE000494754 /* Assets.xcassets */ = {isa = PBXFileReference; lastKnownFileType = folder.assetcatalog; path = Assets.xcassets; sourceTree = "<group>"; };
		53BFF7902F078DE000494754 /* Preview Assets.xcassets */ = {isa = PBXFileReference; lastKnownFileType = folder.assetcatalog; path = "Preview Assets.xcassets"; sourceTree = "<group>"; };
		53BFF7982F07956600494754 /* elephant.mp4 */ = {isa = PBXFileReference; lastKnownFileType = file; path = elephant.mp4; sourceTree = "<group>"; };
		53BFF7992F07956700494754 /* lion.mp4 */ = {isa = PBXFileReference; lastKnownFileType = file; path = lion.mp4; sourceTree = "<group>"; };
		53BFF79A2F07956700494754 /* lioness.mp4 */ = {isa = PBXFileReference; lastKnownFileType = file; path = lioness.mp4; sourceTree = "<group>"; };
		53BFF79B2F07956800494754 /* hippo.mp4 */ = {isa = PBXFileReference; lastKnownFileType = file; path = hippo.mp4; sourceTree = "<group>"; };
		53BFF79C2F07956800494754 /* cheetah.mp4 */ = {isa = PBXFileReference; lastKnownFileType = file; path = cheetah.mp4; sourceTree = "<group>"; };
		53BFF79D2F07956900494754 /* zebra.mp4 */ = {isa = PBXFileReference; lastKnownFileType = file; path = zebra.mp4; sourceTree = "<group>"; };
		53BFF79E2F07956900494754 /* gorilla.mp4 */ = {isa = PBXFileReference; lastKnownFileType = file; path = gorilla.mp4; sourceTree = "<group>"; };
		53BFF79F2F07956A00494754 /* ostrich.mp4 */ = {isa = PBXFileReference; lastKnownFileType = file; path = ostrich.mp4; sourceTree = "<group>"; };
		53BFF7A02F07956B00494754 /* rhino.mp4 */ = {isa = PBXFileReference; lastKnownFileType = file; path = rhino.mp4; sourceTree = "<group>"; };
		53BFF7A12F07956B00494754 /* giraffe.mp4 */ = {isa = PBXFileReference; lastKnownFileType = file; path = giraffe.mp4; sourceTree = "<group>"; };
		53BFF7AD2F0795D300494754 /* videos.json */ = {isa = PBXFileReference; fileEncoding = 4; lastKnownFileType = text.json; path = videos.json; sourceTree = "<group>"; };
		53BFF7AE2F0795D300494754 /* locations.json */ = {isa = PBXFileReference; fileEncoding = 4; lastKnownFileType = text.json; path = locations.json; sourceTree = "<group>"; };
		53BFF7AF2F0795D300494754 /* animals.json */ = {isa = PBXFileReference; fileEncoding = 4; lastKnownFileType = text.json; path = animals.json; sourceTree = "<group>"; };
		53BFF7B02F0795D300494754 /* covers.json */ = {isa = PBXFileReference; fileEncoding = 4; lastKnownFileType = text.json; path = covers.json; sourceTree = "<group>"; };
		53BFF7B52F0799C400494754 /* Info.plist */ = {isa = PBXFileReference; lastKnownFileType = text.plist; path = Info.plist; sourceTree = "<group>"; };
		53BFF7B72F079B1600494754 /* VideoListView.swift */ = {isa = PBXFileReference; lastKnownFileType = sourcecode.swift; path = VideoListView.swift; sourceTree = "<group>"; };
		53BFF7B92F079B3D00494754 /* MapView.swift */ = {isa = PBXFileReference; lastKnownFileType = sourcecode.swift; path = MapView.swift; sourceTree = "<group>"; };
		53BFF7BB2F079B6900494754 /* MainView.swift */ = {isa = PBXFileReference; lastKnownFileType = sourcecode.swift; path = MainView.swift; sourceTree = "<group>"; };
		53BFF7BD2F079B8300494754 /* GalleryView.swift */ = {isa = PBXFileReference; lastKnownFileType = sourcecode.swift; path = GalleryView.swift; sourceTree = "<group>"; };
		53BFF7C02F07CA3E00494754 /* CoverImageView.swift */ = {isa = PBXFileReference; lastKnownFileType = sourcecode.swift; path = CoverImageView.swift; sourceTree = "<group>"; };
		53BFF7C32F07CB2900494754 /* CoverImageModel.swift */ = {isa = PBXFileReference; lastKnownFileType = sourcecode.swift; path = CoverImageModel.swift; sourceTree = "<group>"; };
		53BFF7C62F07CB7F00494754 /* CodableBundleExtension.swift */ = {isa = PBXFileReference; lastKnownFileType = sourcecode.swift; path = CodableBundleExtension.swift; sourceTree = "<group>"; };
/* End PBXFileReference section */

/* Begin PBXFrameworksBuildPhase section */
		53BFF7832F078DDD00494754 /* Frameworks */ = {
			isa = PBXFrameworksBuildPhase;
			buildActionMask = 2147483647;
			files = (
			);
			runOnlyForDeploymentPostprocessing = 0;
		};
/* End PBXFrameworksBuildPhase section */

/* Begin PBXGroup section */
		53BFF77D2F078DDD00494754 = {
			isa = PBXGroup;
			children = (
				53BFF7882F078DDE00494754 /* Africa */,
				53BFF7872F078DDE00494754 /* Products */,
			);
			sourceTree = "<group>";
		};
		53BFF7872F078DDE00494754 /* Products */ = {
			isa = PBXGroup;
			children = (
				53BFF7862F078DDE00494754 /* Africa.app */,
			);
			name = Products;
			sourceTree = "<group>";
		};
		53BFF7882F078DDE00494754 /* Africa */ = {
			isa = PBXGroup;
			children = (
				53BFF7C52F07CB5700494754 /* Extension */,
				53BFF7C22F07CB0B00494754 /* Model */,
				53BFF7BF2F07CA2300494754 /* View */,
				53BFF7B52F0799C400494754 /* Info.plist */,
				53BFF7AC2F0795B600494754 /* Data */,
				53BFF7972F07953600494754 /* Video */,
				53BFF7B62F079ABC00494754 /* App */,
				53BFF78D2F078DE000494754 /* Assets.xcassets */,
				53BFF78F2F078DE000494754 /* Preview Content */,
			);
			path = Africa;
			sourceTree = "<group>";
		};
		53BFF78F2F078DE000494754 /* Preview Content */ = {
			isa = PBXGroup;
			children = (
				53BFF7902F078DE000494754 /* Preview Assets.xcassets */,
			);
			path = "Preview Content";
			sourceTree = "<group>";
		};
		53BFF7972F07953600494754 /* Video */ = {
			isa = PBXGroup;
			children = (
				53BFF79C2F07956800494754 /* cheetah.mp4 */,
				53BFF7982F07956600494754 /* elephant.mp4 */,
				53BFF7A12F07956B00494754 /* giraffe.mp4 */,
				53BFF79E2F07956900494754 /* gorilla.mp4 */,
				53BFF79B2F07956800494754 /* hippo.mp4 */,
				53BFF7992F07956700494754 /* lion.mp4 */,
				53BFF79A2F07956700494754 /* lioness.mp4 */,
				53BFF79F2F07956A00494754 /* ostrich.mp4 */,
				53BFF7A02F07956B00494754 /* rhino.mp4 */,
				53BFF79D2F07956900494754 /* zebra.mp4 */,
			);
			path = Video;
			sourceTree = "<group>";
		};
		53BFF7AC2F0795B600494754 /* Data */ = {
			isa = PBXGroup;
			children = (
				53BFF7AF2F0795D300494754 /* animals.json */,
				53BFF7B02F0795D300494754 /* covers.json */,
				53BFF7AE2F0795D300494754 /* locations.json */,
				53BFF7AD2F0795D300494754 /* videos.json */,
			);
			path = Data;
			sourceTree = "<group>";
		};
		53BFF7B62F079ABC00494754 /* App */ = {
			isa = PBXGroup;
			children = (
				53BFF7892F078DDE00494754 /* AfricaApp.swift */,
				53BFF7BB2F079B6900494754 /* MainView.swift */,
				53BFF78B2F078DDE00494754 /* ContentView.swift */,
				53BFF7B72F079B1600494754 /* VideoListView.swift */,
				53BFF7B92F079B3D00494754 /* MapView.swift */,
				53BFF7BD2F079B8300494754 /* GalleryView.swift */,
			);
			path = App;
			sourceTree = "<group>";
		};
		53BFF7BF2F07CA2300494754 /* View */ = {
			isa = PBXGroup;
			children = (
				53BFF7C02F07CA3E00494754 /* CoverImageView.swift */,
			);
			path = View;
			sourceTree = "<group>";
		};
		53BFF7C22F07CB0B00494754 /* Model */ = {
			isa = PBXGroup;
			children = (
				53BFF7C32F07CB2900494754 /* CoverImageModel.swift */,
			);
			path = Model;
			sourceTree = "<group>";
		};
		53BFF7C52F07CB5700494754 /* Extension */ = {
			isa = PBXGroup;
			children = (
				53BFF7C62F07CB7F00494754 /* CodableBundleExtension.swift */,
			);
			path = Extension;
			sourceTree = "<group>";
		};
/* End PBXGroup section */

/* Begin PBXNativeTarget section */
		53BFF7852F078DDD00494754 /* Africa */ = {
			isa = PBXNativeTarget;
			buildConfigurationList = 53BFF7942F078DE000494754 /* Build configuration list for PBXNativeTarget "Africa" */;
			buildPhases = (
				53BFF7822F078DDD00494754 /* Sources */,
				53BFF7832F078DDD00494754 /* Frameworks */,
				53BFF7842F078DDD00494754 /* Resources */,
			);
			buildRules = (
			);
			dependencies = (
			);
			name = Africa;
			productName = Africa;
			productReference = 53BFF7862F078DDE00494754 /* Africa.app */;
			productType = "com.apple.product-type.application";
		};
/* End PBXNativeTarget section */

/* Begin PBXProject section */
		53BFF77E2F078DDD00494754 /* Project object */ = {
			isa = PBXProject;
			attributes = {
				BuildIndependentTargetsInParallel = 1;
				LastSwiftUpdateCheck = 1510;
				LastUpgradeCheck = 1510;
				TargetAttributes = {
					53BFF7852F078DDD00494754 = {
						CreatedOnToolsVersion = 15.1;
					};
				};
			};
			buildConfigurationList = 53BFF7812F078DDD00494754 /* Build configuration list for PBXProject "Africa" */;
			compatibilityVersion = "Xcode 14.0";
			developmentRegion = en;
			hasScannedForEncodings = 0;
			knownRegions = (
				en,
				Base,
			);
			mainGroup = 53BFF77D2F078DDD00494754;
			productRefGroup = 53BFF7872F078DDE00494754 /* Products */;
			projectDirPath = "";
			projectRoot = "";
			targets = (
				53BFF7852F078DDD00494754 /* Africa */,
			);
		};
/* End PBXProject section */

/* Begin PBXResourcesBuildPhase section */
		53BFF7842F078DDD00494754 /* Resources */ = {
			isa = PBXResourcesBuildPhase;
			buildActionMask = 2147483647;
			files = (
				53BFF7B32F0795D300494754 /* animals.json in Resources */,
				53BFF7B22F0795D300494754 /* locations.json in Resources */,
				53BFF7912F078DE000494754 /* Preview Assets.xcassets in Resources */,
				53BFF7A82F07956B00494754 /* gorilla.mp4 in Resources */,
				53BFF7AB2F07956B00494754 /* giraffe.mp4 in Resources */,
				53BFF7B42F0795D300494754 /* covers.json in Resources */,
				53BFF7A32F07956B00494754 /* lion.mp4 in Resources */,
				53BFF7B12F0795D300494754 /* videos.json in Resources */,
				53BFF7A42F07956B00494754 /* lioness.mp4 in Resources */,
				53BFF78E2F078DE000494754 /* Assets.xcassets in Resources */,
				53BFF7A72F07956B00494754 /* zebra.mp4 in Resources */,
				53BFF7A52F07956B00494754 /* hippo.mp4 in Resources */,
				53BFF7A22F07956B00494754 /* elephant.mp4 in Resources */,
				53BFF7A92F07956B00494754 /* ostrich.mp4 in Resources */,
				53BFF7AA2F07956B00494754 /* rhino.mp4 in Resources */,
				53BFF7A62F07956B00494754 /* cheetah.mp4 in Resources */,
			);
			runOnlyForDeploymentPostprocessing = 0;
		};
/* End PBXResourcesBuildPhase section */

/* Begin PBXSourcesBuildPhase section */
		53BFF7822F078DDD00494754 /* Sources */ = {
			isa = PBXSourcesBuildPhase;
			buildActionMask = 2147483647;
			files = (
				53BFF78C2F078DDE00494754 /* ContentView.swift in Sources */,
				53BFF7BE2F079B8300494754 /* GalleryView.swift in Sources */,
				53BFF7C12F07CA3E00494754 /* CoverImageView.swift in Sources */,
				53BFF7C42F07CB2900494754 /* CoverImageModel.swift in Sources */,
				53BFF7BA2F079B3D00494754 /* MapView.swift in Sources */,
				53BFF78A2F078DDE00494754 /* AfricaApp.swift in Sources */,
				53BFF7BC2F079B6900494754 /* MainView.swift in Sources */,
				53BFF7B82F079B1600494754 /* VideoListView.swift in Sources */,
				53BFF7C72F07CB7F00494754 /* CodableBundleExtension.swift in Sources */,
			);
			runOnlyForDeploymentPostprocessing = 0;
		};
/* End PBXSourcesBuildPhase section */

/* Begin XCBuildConfiguration section */
		53BFF7922F078DE000494754 /* Debug */ = {
			isa = XCBuildConfiguration;
			buildSettings = {
				ALWAYS_SEARCH_USER_PATHS = NO;
				ASSETCATALOG_COMPILER_GENERATE_SWIFT_ASSET_SYMBOL_EXTENSIONS = YES;
				CLANG_ANALYZER_NONNULL = YES;
				CLANG_ANALYZER_NUMBER_OBJECT_CONVERSION = YES_AGGRESSIVE;
				CLANG_CXX_LANGUAGE_STANDARD = "gnu++20";
				CLANG_ENABLE_MODULES = YES;
				CLANG_ENABLE_OBJC_ARC = YES;
				CLANG_ENABLE_OBJC_WEAK = YES;
				CLANG_WARN_BLOCK_CAPTURE_AUTORELEASING = YES;
				CLANG_WARN_BOOL_CONVERSION = YES;
				CLANG_WARN_COMMA = YES;
				CLANG_WARN_CONSTANT_CONVERSION = YES;
				CLANG_WARN_DEPRECATED_OBJC_IMPLEMENTATIONS = YES;
				CLANG_WARN_DIRECT_OBJC_ISA_USAGE = YES_ERROR;
				CLANG_WARN_DOCUMENTATION_COMMENTS = YES;
				CLANG_WARN_EMPTY_BODY = YES;
				CLANG_WARN_ENUM_CONVERSION = YES;
				CLANG_WARN_INFINITE_RECURSION = YES;
				CLANG_WARN_INT_CONVERSION = YES;
				CLANG_WARN_NON_LITERAL_NULL_CONVERSION = YES;
				CLANG_WARN_OBJC_IMPLICIT_RETAIN_SELF = YES;
				CLANG_WARN_OBJC_LITERAL_CONVERSION = YES;
				CLANG_WARN_OBJC_ROOT_CLASS = YES_ERROR;
				CLANG_WARN_QUOTED_INCLUDE_IN_FRAMEWORK_HEADER = YES;
				CLANG_WARN_RANGE_LOOP_ANALYSIS = YES;
				CLANG_WARN_STRICT_PROTOTYPES = YES;
				CLANG_WARN_SUSPICIOUS_MOVE = YES;
				CLANG_WARN_UNGUARDED_AVAILABILITY = YES_AGGRESSIVE;
				CLANG_WARN_UNREACHABLE_CODE = YES;
				CLANG_WARN__DUPLICATE_METHOD_MATCH = YES;
				COPY_PHASE_STRIP = NO;
				DEBUG_INFORMATION_FORMAT = dwarf;
				ENABLE_STRICT_OBJC_MSGSEND = YES;
				ENABLE_TESTABILITY = YES;
				ENABLE_USER_SCRIPT_SANDBOXING = YES;
				GCC_C_LANGUAGE_STANDARD = gnu17;
				GCC_DYNAMIC_NO_PIC = NO;
				GCC_NO_COMMON_BLOCKS = YES;
				GCC_OPTIMIZATION_LEVEL = 0;
				GCC_PREPROCESSOR_DEFINITIONS = (
					"DEBUG=1",
					"$(inherited)",
				);
				GCC_WARN_64_TO_32_BIT_CONVERSION = YES;
				GCC_WARN_ABOUT_RETURN_TYPE = YES_ERROR;
				GCC_WARN_UNDECLARED_SELECTOR = YES;
				GCC_WARN_UNINITIALIZED_AUTOS = YES_AGGRESSIVE;
				GCC_WARN_UNUSED_FUNCTION = YES;
				GCC_WARN_UNUSED_VARIABLE = YES;
				IPHONEOS_DEPLOYMENT_TARGET = 17.2;
				LOCALIZATION_PREFERS_STRING_CATALOGS = YES;
				MTL_ENABLE_DEBUG_INFO = INCLUDE_SOURCE;
				MTL_FAST_MATH = YES;
				ONLY_ACTIVE_ARCH = YES;
				SDKROOT = iphoneos;
				SWIFT_ACTIVE_COMPILATION_CONDITIONS = "DEBUG $(inherited)";
				SWIFT_OPTIMIZATION_LEVEL = "-Onone";
			};
			name = Debug;
		};
		53BFF7932F078DE000494754 /* Release */ = {
			isa = XCBuildConfiguration;
			buildSettings = {
				ALWAYS_SEARCH_USER_PATHS = NO;
				ASSETCATALOG_COMPILER_GENERATE_SWIFT_ASSET_SYMBOL_EXTENSIONS = YES;
				CLANG_ANALYZER_NONNULL = YES;
				CLANG_ANALYZER_NUMBER_OBJECT_CONVERSION = YES_AGGRESSIVE;
				CLANG_CXX_LANGUAGE_STANDARD = "gnu++20";
				CLANG_ENABLE_MODULES = YES;
				CLANG_ENABLE_OBJC_ARC = YES;
				CLANG_ENABLE_OBJC_WEAK = YES;
				CLANG_WARN_BLOCK_CAPTURE_AUTORELEASING = YES;
				CLANG_WARN_BOOL_CONVERSION = YES;
				CLANG_WARN_COMMA = YES;
				CLANG_WARN_CONSTANT_CONVERSION = YES;
				CLANG_WARN_DEPRECATED_OBJC_IMPLEMENTATIONS = YES;
				CLANG_WARN_DIRECT_OBJC_ISA_USAGE = YES_ERROR;
				CLANG_WARN_DOCUMENTATION_COMMENTS = YES;
				CLANG_WARN_EMPTY_BODY = YES;
				CLANG_WARN_ENUM_CONVERSION = YES;
				CLANG_WARN_INFINITE_RECURSION = YES;
				CLANG_WARN_INT_CONVERSION = YES;
				CLANG_WARN_NON_LITERAL_NULL_CONVERSION = YES;
				CLANG_WARN_OBJC_IMPLICIT_RETAIN_SELF = YES;
				CLANG_WARN_OBJC_LITERAL_CONVERSION = YES;
				CLANG_WARN_OBJC_ROOT_CLASS = YES_ERROR;
				CLANG_WARN_QUOTED_INCLUDE_IN_FRAMEWORK_HEADER = YES;
				CLANG_WARN_RANGE_LOOP_ANALYSIS = YES;
				CLANG_WARN_STRICT_PROTOTYPES = YES;
				CLANG_WARN_SUSPICIOUS_MOVE = YES;
				CLANG_WARN_UNGUARDED_AVAILABILITY = YES_AGGRESSIVE;
				CLANG_WARN_UNREACHABLE_CODE = YES;
				CLANG_WARN__DUPLICATE_METHOD_MATCH = YES;
				COPY_PHASE_STRIP = NO;
				DEBUG_INFORMATION_FORMAT = "dwarf-with-dsym";
				ENABLE_NS_ASSERTIONS = NO;
				ENABLE_STRICT_OBJC_MSGSEND = YES;
				ENABLE_USER_SCRIPT_SANDBOXING = YES;
				GCC_C_LANGUAGE_STANDARD = gnu17;
				GCC_NO_COMMON_BLOCKS = YES;
				GCC_WARN_64_TO_32_BIT_CONVERSION = YES;
				GCC_WARN_ABOUT_RETURN_TYPE = YES_ERROR;
				GCC_WARN_UNDECLARED_SELECTOR = YES;
				GCC_WARN_UNINITIALIZED_AUTOS = YES_AGGRESSIVE;
				GCC_WARN_UNUSED_FUNCTION = YES;
				GCC_WARN_UNUSED_VARIABLE = YES;
				IPHONEOS_DEPLOYMENT_TARGET = 17.2;
				LOCALIZATION_PREFERS_STRING_CATALOGS = YES;
				MTL_ENABLE_DEBUG_INFO = NO;
				MTL_FAST_MATH = YES;
				SDKROOT = iphoneos;
				SWIFT_COMPILATION_MODE = wholemodule;
				VALIDATE_PRODUCT = YES;
			};
			name = Release;
		};
		53BFF7952F078DE000494754 /* Debug */ = {
			isa = XCBuildConfiguration;
			buildSettings = {
				ASSETCATALOG_COMPILER_APPICON_NAME = AppIcon;
				ASSETCATALOG_COMPILER_GLOBAL_ACCENT_COLOR_NAME = AccentColor;
				CODE_SIGN_STYLE = Automatic;
				CURRENT_PROJECT_VERSION = 1;
				DEVELOPMENT_ASSET_PATHS = "\"Africa/Preview Content\"";
				ENABLE_PREVIEWS = YES;
				GENERATE_INFOPLIST_FILE = YES;
				INFOPLIST_FILE = Africa/Info.plist;
				INFOPLIST_KEY_UIApplicationSceneManifest_Generation = YES;
				INFOPLIST_KEY_UIApplicationSupportsIndirectInputEvents = YES;
				INFOPLIST_KEY_UISupportedInterfaceOrientations_iPad = "UIInterfaceOrientationPortrait UIInterfaceOrientationPortraitUpsideDown UIInterfaceOrientationLandscapeLeft UIInterfaceOrientationLandscapeRight";
				INFOPLIST_KEY_UISupportedInterfaceOrientations_iPhone = "UIInterfaceOrientationPortrait UIInterfaceOrientationLandscapeLeft UIInterfaceOrientationLandscapeRight";
				INFOPLIST_KEY_UIUserInterfaceStyle = Dark;
				LD_RUNPATH_SEARCH_PATHS = (
					"$(inherited)",
					"@executable_path/Frameworks",
				);
				MARKETING_VERSION = 1.0;
				PRODUCT_BUNDLE_IDENTIFIER = "com.sepideh-aph.Africa";
				PRODUCT_NAME = "$(TARGET_NAME)";
				SWIFT_EMIT_LOC_STRINGS = YES;
				SWIFT_VERSION = 5.0;
				TARGETED_DEVICE_FAMILY = "1,2";
			};
			name = Debug;
		};
		53BFF7962F078DE000494754 /* Release */ = {
			isa = XCBuildConfiguration;
			buildSettings = {
				ASSETCATALOG_COMPILER_APPICON_NAME = AppIcon;
				ASSETCATALOG_COMPILER_GLOBAL_ACCENT_COLOR_NAME = AccentColor;
				CODE_SIGN_STYLE = Automatic;
				CURRENT_PROJECT_VERSION = 1;
				DEVELOPMENT_ASSET_PATHS = "\"Africa/Preview Content\"";
				ENABLE_PREVIEWS = YES;
				GENERATE_INFOPLIST_FILE = YES;
				INFOPLIST_FILE = Africa/Info.plist;
				INFOPLIST_KEY_UIApplicationSceneManifest_Generation = YES;
				INFOPLIST_KEY_UIApplicationSupportsIndirectInputEvents = YES;
				INFOPLIST_KEY_UISupportedInterfaceOrientations_iPad = "UIInterfaceOrientationPortrait UIInterfaceOrientationPortraitUpsideDown UIInterfaceOrientationLandscapeLeft UIInterfaceOrientationLandscapeRight";
				INFOPLIST_KEY_UISupportedInterfaceOrientations_iPhone = "UIInterfaceOrientationPortrait UIInterfaceOrientationLandscapeLeft UIInterfaceOrientationLandscapeRight";
				INFOPLIST_KEY_UIUserInterfaceStyle = Dark;
				LD_RUNPATH_SEARCH_PATHS = (
					"$(inherited)",
					"@executable_path/Frameworks",
				);
				MARKETING_VERSION = 1.0;
				PRODUCT_BUNDLE_IDENTIFIER = "com.sepideh-aph.Africa";
				PRODUCT_NAME = "$(TARGET_NAME)";
				SWIFT_EMIT_LOC_STRINGS = YES;
				SWIFT_VERSION = 5.0;
				TARGETED_DEVICE_FAMILY = "1,2";
			};
			name = Release;
		};
/* End XCBuildConfiguration section */

/* Begin XCConfigurationList section */
		53BFF7812F078DDD00494754 /* Build configuration list for PBXProject "Africa" */ = {
			isa = XCConfigurationList;
			buildConfigurations = (
				53BFF7922F078DE000494754 /* Debug */,
				53BFF7932F078DE000494754 /* Release */,
			);
			defaultConfigurationIsVisible = 0;
			defaultConfigurationName = Release;
		};
		53BFF7942F078DE000494754 /* Build configuration list for PBXNativeTarget "Africa" */ = {
			isa = XCConfigurationList;
			buildConfigurations = (
				53BFF7952F078DE000494754 /* Debug */,
				53BFF7962F078DE000494754 /* Release */,
			);
			defaultConfigurationIsVisible = 0;
			defaultConfigurationName = Release;
		};
/* End XCConfigurationList section */
	};
	rootObject = 53BFF77E2F078DDD00494754 /* Project object */;
}
